
Microsoft Visual Studio Solution File, Format Version 12.00
# Visual Studio Version 16
VisualStudioVersion = 16.0.31729.503
MinimumVisualStudioVersion = 10.0.40219.1
Project("{FAE04EC0-301F-11D3-BF4B-00C04F79EFBC}") = "Chess", "Chess.csproj", "{79FE7860-1B28-4A3B-885F-153E5DB2BD29}"
EndProject
Global
	GlobalSection(SolutionConfigurationPlatforms) = preSolution
		Debug|Any CPU = Debug|Any CPU
		Debug|x64 = Debug|x64
		Release|Any CPU = Release|Any CPU
		Release|x64 = Release|x64
	EndGlobalSection
	GlobalSection(ProjectConfigurationPlatforms) = postSolution
		{79FE7860-1B28-4A3B-885F-153E5DB2BD29}.Debug|Any CPU.ActiveCfg = Debug|Any CPU
		{79FE7860-1B28-4A3B-885F-153E5DB2BD29}.Debug|Any CPU.Build.0 = Debug|Any CPU
		{79FE7860-1B28-4A3B-885F-153E5DB2BD29}.Debug|x64.ActiveCfg = Debug|x64
		{79FE7860-1B28-4A3B-885F-153E5DB2BD29}.Debug|x64.Build.0 = Debug|x64
		{79FE7860-1B28-4A3B-885F-153E5DB2BD29}.Release|Any CPU.ActiveCfg = Release|Any CPU
		{79FE7860-1B28-4A3B-885F-153E5DB2BD29}.Release|Any CPU.Build.0 = Release|Any CPU
		{79FE7860-1B28-4A3B-885F-153E5DB2BD29}.Release|x64.ActiveCfg = Release|x64
		{79FE7860-1B28-4A3B-885F-153E5DB2BD29}.Release|x64.Build.0 = Release|x64
	EndGlobalSection
	GlobalSection(SolutionProperties) = preSolution
		HideSolutionNode = FALSE
	EndGlobalSection
	GlobalSection(ExtensibilityGlobals) = postSolution
		SolutionGuid = {63705B07-B8ED-4714-B051-49C40FB90232}
	EndGlobalSection
EndGlobal
